
Microsoft Visual Studio Solution File, Format Version 11.00
# Visual Studio 2010
Project("{FAE04EC0-301F-11D3-BF4B-00C04F79EFBC}") = "NewARM9", "NewARM9\NewARM9.csproj", "{21941773-A373-4E22-9EEF-44E950644FBA}"
EndProject
Global
	GlobalSection(SolutionConfigurationPlatforms) = preSolution
		Debug|Any CPU = Debug|Any CPU
		Release|Any CPU = Release|Any CPU
	EndGlobalSection
	GlobalSection(ProjectConfigurationPlatforms) = postSolution
		{21941773-A373-4E22-9EEF-44E950644FBA}.Debug|Any CPU.ActiveCfg = Debug|Any CPU
		{21941773-A373-4E22-9EEF-44E950644FBA}.Debug|Any CPU.Build.0 = Debug|Any CPU
		{21941773-A373-4E22-9EEF-44E950644FBA}.Release|Any CPU.ActiveCfg = Release|Any CPU
		{21941773-A373-4E22-9EEF-44E950644FBA}.Release|Any CPU.Build.0 = Release|Any CPU
	EndGlobalSection
	GlobalSection(SolutionProperties) = preSolution
		HideSolutionNode = FALSE
	EndGlobalSection
EndGlobal
